
Microsoft Visual Studio Solution File, Format Version 12.00
# Visual Studio Version 17
VisualStudioVersion = 17.0.31903.59
MinimumVisualStudioVersion = 10.0.40219.1
Project("{2150E333-8FDC-42A3-9474-1A3956D46DE8}") = "src", "src", "{827E0CD3-B72D-47B6-A68D-7590B98EB39B}"
EndProject
Project("{FAE04EC0-301F-11D3-BF4B-00C04F79EFBC}") = "Crosspose.Core", "src\Crosspose.Core\Crosspose.Core.csproj", "{39236EE7-34EC-40D2-83E7-3A45FE92D59F}"
EndProject
Project("{FAE04EC0-301F-11D3-BF4B-00C04F79EFBC}") = "Crosspose.Cli", "src\Crosspose.Cli\Crosspose.Cli.csproj", "{A594A076-CB81-4055-938A-FAEE367EE2B4}"
EndProject
Project("{FAE04EC0-301F-11D3-BF4B-00C04F79EFBC}") = "Crosspose.Gui", "src\Crosspose.Gui\Crosspose.Gui.csproj", "{3020ACD7-9C11-438B-8561-964ADA93685B}"
EndProject
Project("{FAE04EC0-301F-11D3-BF4B-00C04F79EFBC}") = "Crosspose.Dekompose.Core", "src\Crosspose.Dekompose.Core\Crosspose.Dekompose.Core.csproj", "{F7D966DF-A070-4374-93BC-D9AF8EAF7AFD}"
EndProject
Project("{FAE04EC0-301F-11D3-BF4B-00C04F79EFBC}") = "Crosspose.Doctor.Core", "src\Crosspose.Doctor.Core\Crosspose.Doctor.Core.csproj", "{8E311C11-B976-4357-A9C6-76531FDCD1BC}"
EndProject
Project("{FAE04EC0-301F-11D3-BF4B-00C04F79EFBC}") = "Crosspose.Doctor.Gui", "src\Crosspose.Doctor.Gui\Crosspose.Doctor.Gui.csproj", "{341ABBC5-B1CF-482B-BC63-FE5C86A290D4}"
EndProject
Project("{FAE04EC0-301F-11D3-BF4B-00C04F79EFBC}") = "Crosspose.Dekompose.Gui", "src\Crosspose.Dekompose.Gui\Crosspose.Dekompose.Gui.csproj", "{F4726A26-0F3B-4FED-A09C-FC728DFE5CE8}"
EndProject
Project("{FAE04EC0-301F-11D3-BF4B-00C04F79EFBC}") = "Crosspose.Doctor.Cli", "src\Crosspose.Doctor.Cli\Crosspose.Doctor.Cli.csproj", "{DC9A7D3D-7F02-47FC-8B8C-2FCD43839DBF}"
EndProject
Project("{FAE04EC0-301F-11D3-BF4B-00C04F79EFBC}") = "Crosspose.Dekompose.Cli", "src\Crosspose.Dekompose.Cli\Crosspose.Dekompose.Cli.csproj", "{A7067C97-B033-47C9-AB6A-4530843ABC76}"
EndProject
Project("{FAE04EC0-301F-11D3-BF4B-00C04F79EFBC}") = "Crosspose.TestShim", "src\Crosspose.TestShim\Crosspose.TestShim.csproj", "{BE3254B9-0EAC-49E5-A6BD-33F6A51D340A}"
EndProject
Project("{FAE04EC0-301F-11D3-BF4B-00C04F79EFBC}") = "Crosspose.Core.Tests", "src\Crosspose.Core.Tests\Crosspose.Core.Tests.csproj", "{5ACA018C-FB22-4CD3-B91A-F8DCDA3AE27F}"
EndProject
Project("{FAE04EC0-301F-11D3-BF4B-00C04F79EFBC}") = "Crosspose.Dekompose.Tests", "src\Crosspose.Dekompose.Tests\Crosspose.Dekompose.Tests.csproj", "{3725A8AC-F0E4-4DFE-BA2D-FE03B1AC82D4}"
EndProject
Project("{FAE04EC0-301F-11D3-BF4B-00C04F79EFBC}") = "Crosspose.Doctor.Tests", "src\Crosspose.Doctor.Tests\Crosspose.Doctor.Tests.csproj", "{FA792EDC-6D91-47EA-8585-0EC29F1B8E63}"
EndProject
Project("{FAE04EC0-301F-11D3-BF4B-00C04F79EFBC}") = "Crosspose.Integration.Tests", "src\Crosspose.Integration.Tests\Crosspose.Integration.Tests.csproj", "{6B8517DC-8357-4402-8FE7-674F5B4780AC}"
EndProject
Global
	GlobalSection(SolutionConfigurationPlatforms) = preSolution
		Debug|Any CPU = Debug|Any CPU
		Debug|x64 = Debug|x64
		Debug|x86 = Debug|x86
		Release|Any CPU = Release|Any CPU
		Release|x64 = Release|x64
		Release|x86 = Release|x86
	EndGlobalSection
	GlobalSection(ProjectConfigurationPlatforms) = postSolution
		{39236EE7-34EC-40D2-83E7-3A45FE92D59F}.Debug|Any CPU.ActiveCfg = Debug|Any CPU
		{39236EE7-34EC-40D2-83E7-3A45FE92D59F}.Debug|Any CPU.Build.0 = Debug|Any CPU
		{39236EE7-34EC-40D2-83E7-3A45FE92D59F}.Debug|x64.ActiveCfg = Debug|Any CPU
		{39236EE7-34EC-40D2-83E7-3A45FE92D59F}.Debug|x64.Build.0 = Debug|Any CPU
		{39236EE7-34EC-40D2-83E7-3A45FE92D59F}.Debug|x86.ActiveCfg = Debug|Any CPU
		{39236EE7-34EC-40D2-83E7-3A45FE92D59F}.Debug|x86.Build.0 = Debug|Any CPU
		{39236EE7-34EC-40D2-83E7-3A45FE92D59F}.Release|Any CPU.ActiveCfg = Release|Any CPU
		{39236EE7-34EC-40D2-83E7-3A45FE92D59F}.Release|Any CPU.Build.0 = Release|Any CPU
		{39236EE7-34EC-40D2-83E7-3A45FE92D59F}.Release|x64.ActiveCfg = Release|Any CPU
		{39236EE7-34EC-40D2-83E7-3A45FE92D59F}.Release|x64.Build.0 = Release|Any CPU
		{39236EE7-34EC-40D2-83E7-3A45FE92D59F}.Release|x86.ActiveCfg = Release|Any CPU
		{39236EE7-34EC-40D2-83E7-3A45FE92D59F}.Release|x86.Build.0 = Release|Any CPU
		{A594A076-CB81-4055-938A-FAEE367EE2B4}.Debug|Any CPU.ActiveCfg = Debug|Any CPU
		{A594A076-CB81-4055-938A-FAEE367EE2B4}.Debug|Any CPU.Build.0 = Debug|Any CPU
		{A594A076-CB81-4055-938A-FAEE367EE2B4}.Debug|x64.ActiveCfg = Debug|Any CPU
		{A594A076-CB81-4055-938A-FAEE367EE2B4}.Debug|x64.Build.0 = Debug|Any CPU
		{A594A076-CB81-4055-938A-FAEE367EE2B4}.Debug|x86.ActiveCfg = Debug|Any CPU
		{A594A076-CB81-4055-938A-FAEE367EE2B4}.Debug|x86.Build.0 = Debug|Any CPU
		{A594A076-CB81-4055-938A-FAEE367EE2B4}.Release|Any CPU.ActiveCfg = Release|Any CPU
		{A594A076-CB81-4055-938A-FAEE367EE2B4}.Release|Any CPU.Build.0 = Release|Any CPU
		{A594A076-CB81-4055-938A-FAEE367EE2B4}.Release|x64.ActiveCfg = Release|Any CPU
		{A594A076-CB81-4055-938A-FAEE367EE2B4}.Release|x64.Build.0 = Release|Any CPU
		{A594A076-CB81-4055-938A-FAEE367EE2B4}.Release|x86.ActiveCfg = Release|Any CPU
		{A594A076-CB81-4055-938A-FAEE367EE2B4}.Release|x86.Build.0 = Release|Any CPU
		{3020ACD7-9C11-438B-8561-964ADA93685B}.Debug|Any CPU.ActiveCfg = Debug|Any CPU
		{3020ACD7-9C11-438B-8561-964ADA93685B}.Debug|Any CPU.Build.0 = Debug|Any CPU
		{3020ACD7-9C11-438B-8561-964ADA93685B}.Debug|x64.ActiveCfg = Debug|Any CPU
		{3020ACD7-9C11-438B-8561-964ADA93685B}.Debug|x64.Build.0 = Debug|Any CPU
		{3020ACD7-9C11-438B-8561-964ADA93685B}.Debug|x86.ActiveCfg = Debug|Any CPU
		{3020ACD7-9C11-438B-8561-964ADA93685B}.Debug|x86.Build.0 = Debug|Any CPU
		{3020ACD7-9C11-438B-8561-964ADA93685B}.Release|Any CPU.ActiveCfg = Release|Any CPU
		{3020ACD7-9C11-438B-8561-964ADA93685B}.Release|Any CPU.Build.0 = Release|Any CPU
		{3020ACD7-9C11-438B-8561-964ADA93685B}.Release|x64.ActiveCfg = Release|Any CPU
		{3020ACD7-9C11-438B-8561-964ADA93685B}.Release|x64.Build.0 = Release|Any CPU
		{3020ACD7-9C11-438B-8561-964ADA93685B}.Release|x86.ActiveCfg = Release|Any CPU
		{3020ACD7-9C11-438B-8561-964ADA93685B}.Release|x86.Build.0 = Release|Any CPU
		{F7D966DF-A070-4374-93BC-D9AF8EAF7AFD}.Debug|Any CPU.ActiveCfg = Debug|Any CPU
		{F7D966DF-A070-4374-93BC-D9AF8EAF7AFD}.Debug|Any CPU.Build.0 = Debug|Any CPU
		{F7D966DF-A070-4374-93BC-D9AF8EAF7AFD}.Debug|x64.ActiveCfg = Debug|Any CPU
		{F7D966DF-A070-4374-93BC-D9AF8EAF7AFD}.Debug|x64.Build.0 = Debug|Any CPU
		{F7D966DF-A070-4374-93BC-D9AF8EAF7AFD}.Debug|x86.ActiveCfg = Debug|Any CPU
		{F7D966DF-A070-4374-93BC-D9AF8EAF7AFD}.Debug|x86.Build.0 = Debug|Any CPU
		{F7D966DF-A070-4374-93BC-D9AF8EAF7AFD}.Release|Any CPU.ActiveCfg = Release|Any CPU
		{F7D966DF-A070-4374-93BC-D9AF8EAF7AFD}.Release|Any CPU.Build.0 = Release|Any CPU
		{F7D966DF-A070-4374-93BC-D9AF8EAF7AFD}.Release|x64.ActiveCfg = Release|Any CPU
		{F7D966DF-A070-4374-93BC-D9AF8EAF7AFD}.Release|x64.Build.0 = Release|Any CPU
		{F7D966DF-A070-4374-93BC-D9AF8EAF7AFD}.Release|x86.ActiveCfg = Release|Any CPU
		{F7D966DF-A070-4374-93BC-D9AF8EAF7AFD}.Release|x86.Build.0 = Release|Any CPU
		{8E311C11-B976-4357-A9C6-76531FDCD1BC}.Debug|Any CPU.ActiveCfg = Debug|Any CPU
		{8E311C11-B976-4357-A9C6-76531FDCD1BC}.Debug|Any CPU.Build.0 = Debug|Any CPU
		{8E311C11-B976-4357-A9C6-76531FDCD1BC}.Debug|x64.ActiveCfg = Debug|Any CPU
		{8E311C11-B976-4357-A9C6-76531FDCD1BC}.Debug|x64.Build.0 = Debug|Any CPU
		{8E311C11-B976-4357-A9C6-76531FDCD1BC}.Debug|x86.ActiveCfg = Debug|Any CPU
		{8E311C11-B976-4357-A9C6-76531FDCD1BC}.Debug|x86.Build.0 = Debug|Any CPU
		{8E311C11-B976-4357-A9C6-76531FDCD1BC}.Release|Any CPU.ActiveCfg = Release|Any CPU
		{8E311C11-B976-4357-A9C6-76531FDCD1BC}.Release|Any CPU.Build.0 = Release|Any CPU
		{8E311C11-B976-4357-A9C6-76531FDCD1BC}.Release|x64.ActiveCfg = Release|Any CPU
		{8E311C11-B976-4357-A9C6-76531FDCD1BC}.Release|x64.Build.0 = Release|Any CPU
		{8E311C11-B976-4357-A9C6-76531FDCD1BC}.Release|x86.ActiveCfg = Release|Any CPU
		{8E311C11-B976-4357-A9C6-76531FDCD1BC}.Release|x86.Build.0 = Release|Any CPU
		{341ABBC5-B1CF-482B-BC63-FE5C86A290D4}.Debug|Any CPU.ActiveCfg = Debug|Any CPU
		{341ABBC5-B1CF-482B-BC63-FE5C86A290D4}.Debug|Any CPU.Build.0 = Debug|Any CPU
		{341ABBC5-B1CF-482B-BC63-FE5C86A290D4}.Debug|x64.ActiveCfg = Debug|Any CPU
		{341ABBC5-B1CF-482B-BC63-FE5C86A290D4}.Debug|x64.Build.0 = Debug|Any CPU
		{341ABBC5-B1CF-482B-BC63-FE5C86A290D4}.Debug|x86.ActiveCfg = Debug|Any CPU
		{341ABBC5-B1CF-482B-BC63-FE5C86A290D4}.Debug|x86.Build.0 = Debug|Any CPU
		{341ABBC5-B1CF-482B-BC63-FE5C86A290D4}.Release|Any CPU.ActiveCfg = Release|Any CPU
		{341ABBC5-B1CF-482B-BC63-FE5C86A290D4}.Release|Any CPU.Build.0 = Release|Any CPU
		{341ABBC5-B1CF-482B-BC63-FE5C86A290D4}.Release|x64.ActiveCfg = Release|Any CPU
		{341ABBC5-B1CF-482B-BC63-FE5C86A290D4}.Release|x64.Build.0 = Release|Any CPU
		{341ABBC5-B1CF-482B-BC63-FE5C86A290D4}.Release|x86.ActiveCfg = Release|Any CPU
		{341ABBC5-B1CF-482B-BC63-FE5C86A290D4}.Release|x86.Build.0 = Release|Any CPU
		{F4726A26-0F3B-4FED-A09C-FC728DFE5CE8}.Debug|Any CPU.ActiveCfg = Debug|Any CPU
		{F4726A26-0F3B-4FED-A09C-FC728DFE5CE8}.Debug|Any CPU.Build.0 = Debug|Any CPU
		{F4726A26-0F3B-4FED-A09C-FC728DFE5CE8}.Debug|x64.ActiveCfg = Debug|Any CPU
		{F4726A26-0F3B-4FED-A09C-FC728DFE5CE8}.Debug|x64.Build.0 = Debug|Any CPU
		{F4726A26-0F3B-4FED-A09C-FC728DFE5CE8}.Debug|x86.ActiveCfg = Debug|Any CPU
		{F4726A26-0F3B-4FED-A09C-FC728DFE5CE8}.Debug|x86.Build.0 = Debug|Any CPU
		{F4726A26-0F3B-4FED-A09C-FC728DFE5CE8}.Release|Any CPU.ActiveCfg = Release|Any CPU
		{F4726A26-0F3B-4FED-A09C-FC728DFE5CE8}.Release|Any CPU.Build.0 = Release|Any CPU
		{F4726A26-0F3B-4FED-A09C-FC728DFE5CE8}.Release|x64.ActiveCfg = Release|Any CPU
		{F4726A26-0F3B-4FED-A09C-FC728DFE5CE8}.Release|x64.Build.0 = Release|Any CPU
		{F4726A26-0F3B-4FED-A09C-FC728DFE5CE8}.Release|x86.ActiveCfg = Release|Any CPU
		{F4726A26-0F3B-4FED-A09C-FC728DFE5CE8}.Release|x86.Build.0 = Release|Any CPU
		{DC9A7D3D-7F02-47FC-8B8C-2FCD43839DBF}.Debug|Any CPU.ActiveCfg = Debug|Any CPU
		{DC9A7D3D-7F02-47FC-8B8C-2FCD43839DBF}.Debug|Any CPU.Build.0 = Debug|Any CPU
		{DC9A7D3D-7F02-47FC-8B8C-2FCD43839DBF}.Debug|x64.ActiveCfg = Debug|Any CPU
		{DC9A7D3D-7F02-47FC-8B8C-2FCD43839DBF}.Debug|x64.Build.0 = Debug|Any CPU
		{DC9A7D3D-7F02-47FC-8B8C-2FCD43839DBF}.Debug|x86.ActiveCfg = Debug|Any CPU
		{DC9A7D3D-7F02-47FC-8B8C-2FCD43839DBF}.Debug|x86.Build.0 = Debug|Any CPU
		{DC9A7D3D-7F02-47FC-8B8C-2FCD43839DBF}.Release|Any CPU.ActiveCfg = Release|Any CPU
		{DC9A7D3D-7F02-47FC-8B8C-2FCD43839DBF}.Release|Any CPU.Build.0 = Release|Any CPU
		{DC9A7D3D-7F02-47FC-8B8C-2FCD43839DBF}.Release|x64.ActiveCfg = Release|Any CPU
		{DC9A7D3D-7F02-47FC-8B8C-2FCD43839DBF}.Release|x64.Build.0 = Release|Any CPU
		{DC9A7D3D-7F02-47FC-8B8C-2FCD43839DBF}.Release|x86.ActiveCfg = Release|Any CPU
		{DC9A7D3D-7F02-47FC-8B8C-2FCD43839DBF}.Release|x86.Build.0 = Release|Any CPU
		{A7067C97-B033-47C9-AB6A-4530843ABC76}.Debug|Any CPU.ActiveCfg = Debug|Any CPU
		{A7067C97-B033-47C9-AB6A-4530843ABC76}.Debug|Any CPU.Build.0 = Debug|Any CPU
		{A7067C97-B033-47C9-AB6A-4530843ABC76}.Debug|x64.ActiveCfg = Debug|Any CPU
		{A7067C97-B033-47C9-AB6A-4530843ABC76}.Debug|x64.Build.0 = Debug|Any CPU
		{A7067C97-B033-47C9-AB6A-4530843ABC76}.Debug|x86.ActiveCfg = Debug|Any CPU
		{A7067C97-B033-47C9-AB6A-4530843ABC76}.Debug|x86.Build.0 = Debug|Any CPU
		{A7067C97-B033-47C9-AB6A-4530843ABC76}.Release|Any CPU.ActiveCfg = Release|Any CPU
		{A7067C97-B033-47C9-AB6A-4530843ABC76}.Release|Any CPU.Build.0 = Release|Any CPU
		{A7067C97-B033-47C9-AB6A-4530843ABC76}.Release|x64.ActiveCfg = Release|Any CPU
		{A7067C97-B033-47C9-AB6A-4530843ABC76}.Release|x64.Build.0 = Release|Any CPU
		{A7067C97-B033-47C9-AB6A-4530843ABC76}.Release|x86.ActiveCfg = Release|Any CPU
		{A7067C97-B033-47C9-AB6A-4530843ABC76}.Release|x86.Build.0 = Release|Any CPU
		{BE3254B9-0EAC-49E5-A6BD-33F6A51D340A}.Debug|Any CPU.ActiveCfg = Debug|Any CPU
		{BE3254B9-0EAC-49E5-A6BD-33F6A51D340A}.Debug|Any CPU.Build.0 = Debug|Any CPU
		{BE3254B9-0EAC-49E5-A6BD-33F6A51D340A}.Debug|x64.ActiveCfg = Debug|Any CPU
		{BE3254B9-0EAC-49E5-A6BD-33F6A51D340A}.Debug|x64.Build.0 = Debug|Any CPU
		{BE3254B9-0EAC-49E5-A6BD-33F6A51D340A}.Debug|x86.ActiveCfg = Debug|Any CPU
		{BE3254B9-0EAC-49E5-A6BD-33F6A51D340A}.Debug|x86.Build.0 = Debug|Any CPU
		{BE3254B9-0EAC-49E5-A6BD-33F6A51D340A}.Release|Any CPU.ActiveCfg = Release|Any CPU
		{BE3254B9-0EAC-49E5-A6BD-33F6A51D340A}.Release|Any CPU.Build.0 = Release|Any CPU
		{BE3254B9-0EAC-49E5-A6BD-33F6A51D340A}.Release|x64.ActiveCfg = Release|Any CPU
		{BE3254B9-0EAC-49E5-A6BD-33F6A51D340A}.Release|x64.Build.0 = Release|Any CPU
		{BE3254B9-0EAC-49E5-A6BD-33F6A51D340A}.Release|x86.ActiveCfg = Release|Any CPU
		{BE3254B9-0EAC-49E5-A6BD-33F6A51D340A}.Release|x86.Build.0 = Release|Any CPU
		{5ACA018C-FB22-4CD3-B91A-F8DCDA3AE27F}.Debug|Any CPU.ActiveCfg = Debug|Any CPU
		{5ACA018C-FB22-4CD3-B91A-F8DCDA3AE27F}.Debug|Any CPU.Build.0 = Debug|Any CPU
		{5ACA018C-FB22-4CD3-B91A-F8DCDA3AE27F}.Debug|x64.ActiveCfg = Debug|Any CPU
		{5ACA018C-FB22-4CD3-B91A-F8DCDA3AE27F}.Debug|x64.Build.0 = Debug|Any CPU
		{5ACA018C-FB22-4CD3-B91A-F8DCDA3AE27F}.Debug|x86.ActiveCfg = Debug|Any CPU
		{5ACA018C-FB22-4CD3-B91A-F8DCDA3AE27F}.Debug|x86.Build.0 = Debug|Any CPU
		{5ACA018C-FB22-4CD3-B91A-F8DCDA3AE27F}.Release|Any CPU.ActiveCfg = Release|Any CPU
		{5ACA018C-FB22-4CD3-B91A-F8DCDA3AE27F}.Release|Any CPU.Build.0 = Release|Any CPU
		{5ACA018C-FB22-4CD3-B91A-F8DCDA3AE27F}.Release|x64.ActiveCfg = Release|Any CPU
		{5ACA018C-FB22-4CD3-B91A-F8DCDA3AE27F}.Release|x64.Build.0 = Release|Any CPU
		{5ACA018C-FB22-4CD3-B91A-F8DCDA3AE27F}.Release|x86.ActiveCfg = Release|Any CPU
		{5ACA018C-FB22-4CD3-B91A-F8DCDA3AE27F}.Release|x86.Build.0 = Release|Any CPU
		{3725A8AC-F0E4-4DFE-BA2D-FE03B1AC82D4}.Debug|Any CPU.ActiveCfg = Debug|Any CPU
		{3725A8AC-F0E4-4DFE-BA2D-FE03B1AC82D4}.Debug|Any CPU.Build.0 = Debug|Any CPU
		{3725A8AC-F0E4-4DFE-BA2D-FE03B1AC82D4}.Debug|x64.ActiveCfg = Debug|Any CPU
		{3725A8AC-F0E4-4DFE-BA2D-FE03B1AC82D4}.Debug|x64.Build.0 = Debug|Any CPU
		{3725A8AC-F0E4-4DFE-BA2D-FE03B1AC82D4}.Debug|x86.ActiveCfg = Debug|Any CPU
		{3725A8AC-F0E4-4DFE-BA2D-FE03B1AC82D4}.Debug|x86.Build.0 = Debug|Any CPU
		{3725A8AC-F0E4-4DFE-BA2D-FE03B1AC82D4}.Release|Any CPU.ActiveCfg = Release|Any CPU
		{3725A8AC-F0E4-4DFE-BA2D-FE03B1AC82D4}.Release|Any CPU.Build.0 = Release|Any CPU
		{3725A8AC-F0E4-4DFE-BA2D-FE03B1AC82D4}.Release|x64.ActiveCfg = Release|Any CPU
		{3725A8AC-F0E4-4DFE-BA2D-FE03B1AC82D4}.Release|x64.Build.0 = Release|Any CPU
		{3725A8AC-F0E4-4DFE-BA2D-FE03B1AC82D4}.Release|x86.ActiveCfg = Release|Any CPU
		{3725A8AC-F0E4-4DFE-BA2D-FE03B1AC82D4}.Release|x86.Build.0 = Release|Any CPU
		{FA792EDC-6D91-47EA-8585-0EC29F1B8E63}.Debug|Any CPU.ActiveCfg = Debug|Any CPU
		{FA792EDC-6D91-47EA-8585-0EC29F1B8E63}.Debug|Any CPU.Build.0 = Debug|Any CPU
		{FA792EDC-6D91-47EA-8585-0EC29F1B8E63}.Debug|x64.ActiveCfg = Debug|Any CPU
		{FA792EDC-6D91-47EA-8585-0EC29F1B8E63}.Debug|x64.Build.0 = Debug|Any CPU
		{FA792EDC-6D91-47EA-8585-0EC29F1B8E63}.Debug|x86.ActiveCfg = Debug|Any CPU
		{FA792EDC-6D91-47EA-8585-0EC29F1B8E63}.Debug|x86.Build.0 = Debug|Any CPU
		{FA792EDC-6D91-47EA-8585-0EC29F1B8E63}.Release|Any CPU.ActiveCfg = Release|Any CPU
		{FA792EDC-6D91-47EA-8585-0EC29F1B8E63}.Release|Any CPU.Build.0 = Release|Any CPU
		{FA792EDC-6D91-47EA-8585-0EC29F1B8E63}.Release|x64.ActiveCfg = Release|Any CPU
		{FA792EDC-6D91-47EA-8585-0EC29F1B8E63}.Release|x64.Build.0 = Release|Any CPU
		{FA792EDC-6D91-47EA-8585-0EC29F1B8E63}.Release|x86.ActiveCfg = Release|Any CPU
		{FA792EDC-6D91-47EA-8585-0EC29F1B8E63}.Release|x86.Build.0 = Release|Any CPU
		{6B8517DC-8357-4402-8FE7-674F5B4780AC}.Debug|Any CPU.ActiveCfg = Debug|Any CPU
		{6B8517DC-8357-4402-8FE7-674F5B4780AC}.Debug|Any CPU.Build.0 = Debug|Any CPU
		{6B8517DC-8357-4402-8FE7-674F5B4780AC}.Debug|x64.ActiveCfg = Debug|Any CPU
		{6B8517DC-8357-4402-8FE7-674F5B4780AC}.Debug|x64.Build.0 = Debug|Any CPU
		{6B8517DC-8357-4402-8FE7-674F5B4780AC}.Debug|x86.ActiveCfg = Debug|Any CPU
		{6B8517DC-8357-4402-8FE7-674F5B4780AC}.Debug|x86.Build.0 = Debug|Any CPU
		{6B8517DC-8357-4402-8FE7-674F5B4780AC}.Release|Any CPU.ActiveCfg = Release|Any CPU
		{6B8517DC-8357-4402-8FE7-674F5B4780AC}.Release|Any CPU.Build.0 = Release|Any CPU
		{6B8517DC-8357-4402-8FE7-674F5B4780AC}.Release|x64.ActiveCfg = Release|Any CPU
		{6B8517DC-8357-4402-8FE7-674F5B4780AC}.Release|x64.Build.0 = Release|Any CPU
		{6B8517DC-8357-4402-8FE7-674F5B4780AC}.Release|x86.ActiveCfg = Release|Any CPU
		{6B8517DC-8357-4402-8FE7-674F5B4780AC}.Release|x86.Build.0 = Release|Any CPU
	EndGlobalSection
	GlobalSection(SolutionProperties) = preSolution
		HideSolutionNode = FALSE
	EndGlobalSection
	GlobalSection(NestedProjects) = preSolution
		{39236EE7-34EC-40D2-83E7-3A45FE92D59F} = {827E0CD3-B72D-47B6-A68D-7590B98EB39B}
		{A594A076-CB81-4055-938A-FAEE367EE2B4} = {827E0CD3-B72D-47B6-A68D-7590B98EB39B}
		{3020ACD7-9C11-438B-8561-964ADA93685B} = {827E0CD3-B72D-47B6-A68D-7590B98EB39B}
		{F7D966DF-A070-4374-93BC-D9AF8EAF7AFD} = {827E0CD3-B72D-47B6-A68D-7590B98EB39B}
		{8E311C11-B976-4357-A9C6-76531FDCD1BC} = {827E0CD3-B72D-47B6-A68D-7590B98EB39B}
		{341ABBC5-B1CF-482B-BC63-FE5C86A290D4} = {827E0CD3-B72D-47B6-A68D-7590B98EB39B}
		{F4726A26-0F3B-4FED-A09C-FC728DFE5CE8} = {827E0CD3-B72D-47B6-A68D-7590B98EB39B}
		{DC9A7D3D-7F02-47FC-8B8C-2FCD43839DBF} = {827E0CD3-B72D-47B6-A68D-7590B98EB39B}
		{A7067C97-B033-47C9-AB6A-4530843ABC76} = {827E0CD3-B72D-47B6-A68D-7590B98EB39B}
		{BE3254B9-0EAC-49E5-A6BD-33F6A51D340A} = {827E0CD3-B72D-47B6-A68D-7590B98EB39B}
		{5ACA018C-FB22-4CD3-B91A-F8DCDA3AE27F} = {827E0CD3-B72D-47B6-A68D-7590B98EB39B}
		{3725A8AC-F0E4-4DFE-BA2D-FE03B1AC82D4} = {827E0CD3-B72D-47B6-A68D-7590B98EB39B}
		{FA792EDC-6D91-47EA-8585-0EC29F1B8E63} = {827E0CD3-B72D-47B6-A68D-7590B98EB39B}
		{6B8517DC-8357-4402-8FE7-674F5B4780AC} = {827E0CD3-B72D-47B6-A68D-7590B98EB39B}
	EndGlobalSection
EndGlobal
